
Microsoft Visual Studio Solution File, Format Version 12.00
# Visual Studio Version 17
VisualStudioVersion = 17.5.33414.496
MinimumVisualStudioVersion = 10.0.40219.1
Project("{FAE04EC0-301F-11D3-BF4B-00C04F79EFBC}") = "TP_MOD3", "TP_MOD3\TP_MOD3.csproj", "{AC15FE42-F9BD-40B9-8DB7-69AD08DDF13F}"
EndProject
Global
	GlobalSection(SolutionConfigurationPlatforms) = preSolution
		Debug|Any CPU = Debug|Any CPU
		Release|Any CPU = Release|Any CPU
	EndGlobalSection
	GlobalSection(ProjectConfigurationPlatforms) = postSolution
		{AC15FE42-F9BD-40B9-8DB7-69AD08DDF13F}.Debug|Any CPU.ActiveCfg = Debug|Any CPU
		{AC15FE42-F9BD-40B9-8DB7-69AD08DDF13F}.Debug|Any CPU.Build.0 = Debug|Any CPU
		{AC15FE42-F9BD-40B9-8DB7-69AD08DDF13F}.Release|Any CPU.ActiveCfg = Release|Any CPU
		{AC15FE42-F9BD-40B9-8DB7-69AD08DDF13F}.Release|Any CPU.Build.0 = Release|Any CPU
	EndGlobalSection
	GlobalSection(SolutionProperties) = preSolution
		HideSolutionNode = FALSE
	EndGlobalSection
	GlobalSection(ExtensibilityGlobals) = postSolution
		SolutionGuid = {FEF181A0-AC55-42A8-A14B-1D4B922D6518}
	EndGlobalSection
EndGlobal
